// !$*UTF8*$!
{
	archiveVersion = 1;
	classes = {
	};
	objectVersion = 50;
	objects = {

/* Begin PBXBuildFile section */
		2C5AAD91233B82FB00466DEF /* AppDelegate.swift in Sources */ = {isa = PBXBuildFile; fileRef = 2C5AAD90233B82FB00466DEF /* AppDelegate.swift */; };
		2C5AAD93233B82FB00466DEF /* SceneDelegate.swift in Sources */ = {isa = PBXBuildFile; fileRef = 2C5AAD92233B82FB00466DEF /* SceneDelegate.swift */; };
		2C5AAD95233B82FB00466DEF /* ContentView.swift in Sources */ = {isa = PBXBuildFile; fileRef = 2C5AAD94233B82FB00466DEF /* ContentView.swift */; };
		2C5AAD97233B82FD00466DEF /* Assets.xcassets in Resources */ = {isa = PBXBuildFile; fileRef = 2C5AAD96233B82FD00466DEF /* Assets.xcassets */; };
		2C5AAD9A233B82FD00466DEF /* Preview Assets.xcassets in Resources */ = {isa = PBXBuildFile; fileRef = 2C5AAD99233B82FD00466DEF /* Preview Assets.xcassets */; };
		2C5AAD9D233B82FD00466DEF /* LaunchScreen.storyboard in Resources */ = {isa = PBXBuildFile; fileRef = 2C5AAD9B233B82FD00466DEF /* LaunchScreen.storyboard */; };
		2C5AADA8233B82FE00466DEF /* IUE_Worksheet2Tests.swift in Sources */ = {isa = PBXBuildFile; fileRef = 2C5AADA7233B82FE00466DEF /* IUE_Worksheet2Tests.swift */; };
		2C5AADB3233B82FE00466DEF /* IUE_Worksheet2UITests.swift in Sources */ = {isa = PBXBuildFile; fileRef = 2C5AADB2233B82FE00466DEF /* IUE_Worksheet2UITests.swift */; };
/* End PBXBuildFile section */

/* Begin PBXContainerItemProxy section */
		2C5AADA4233B82FE00466DEF /* PBXContainerItemProxy */ = {
			isa = PBXContainerItemProxy;
			containerPortal = 2C5AAD85233B82FB00466DEF /* Project object */;
			proxyType = 1;
			remoteGlobalIDString = 2C5AAD8C233B82FB00466DEF;
			remoteInfo = "IUE-Worksheet2";
		};
		2C5AADAF233B82FE00466DEF /* PBXContainerItemProxy */ = {
			isa = PBXContainerItemProxy;
			containerPortal = 2C5AAD85233B82FB00466DEF /* Project object */;
			proxyType = 1;
			remoteGlobalIDString = 2C5AAD8C233B82FB00466DEF;
			remoteInfo = "IUE-Worksheet2";
		};
/* End PBXContainerItemProxy section */

/* Begin PBXFileReference section */
		2C5AAD8D233B82FB00466DEF /* IUE-Worksheet2.app */ = {isa = PBXFileReference; explicitFileType = wrapper.application; includeInIndex = 0; path = "IUE-Worksheet2.app"; sourceTree = BUILT_PRODUCTS_DIR; };
		2C5AAD90233B82FB00466DEF /* AppDelegate.swift */ = {isa = PBXFileReference; lastKnownFileType = sourcecode.swift; path = AppDelegate.swift; sourceTree = "<group>"; };
		2C5AAD92233B82FB00466DEF /* SceneDelegate.swift */ = {isa = PBXFileReference; lastKnownFileType = sourcecode.swift; path = SceneDelegate.swift; sourceTree = "<group>"; };
		2C5AAD94233B82FB00466DEF /* ContentView.swift */ = {isa = PBXFileReference; lastKnownFileType = sourcecode.swift; path = ContentView.swift; sourceTree = "<group>"; };
		2C5AAD96233B82FD00466DEF /* Assets.xcassets */ = {isa = PBXFileReference; lastKnownFileType = folder.assetcatalog; path = Assets.xcassets; sourceTree = "<group>"; };
		2C5AAD99233B82FD00466DEF /* Preview Assets.xcassets */ = {isa = PBXFileReference; lastKnownFileType = folder.assetcatalog; path = "Preview Assets.xcassets"; sourceTree = "<group>"; };
		2C5AAD9C233B82FD00466DEF /* Base */ = {isa = PBXFileReference; lastKnownFileType = file.storyboard; name = Base; path = Base.lproj/LaunchScreen.storyboard; sourceTree = "<group>"; };
		2C5AAD9E233B82FD00466DEF /* Info.plist */ = {isa = PBXFileReference; lastKnownFileType = text.plist.xml; path = Info.plist; sourceTree = "<group>"; };
		2C5AADA3233B82FE00466DEF /* IUE-Worksheet2Tests.xctest */ = {isa = PBXFileReference; explicitFileType = wrapper.cfbundle; includeInIndex = 0; path = "IUE-Worksheet2Tests.xctest"; sourceTree = BUILT_PRODUCTS_DIR; };
		2C5AADA7233B82FE00466DEF /* IUE_Worksheet2Tests.swift */ = {isa = PBXFileReference; lastKnownFileType = sourcecode.swift; path = IUE_Worksheet2Tests.swift; sourceTree = "<group>"; };
		2C5AADA9233B82FE00466DEF /* Info.plist */ = {isa = PBXFileReference; lastKnownFileType = text.plist.xml; path = Info.plist; sourceTree = "<group>"; };
		2C5AADAE233B82FE00466DEF /* IUE-Worksheet2UITests.xctest */ = {isa = PBXFileReference; explicitFileType = wrapper.cfbundle; includeInIndex = 0; path = "IUE-Worksheet2UITests.xctest"; sourceTree = BUILT_PRODUCTS_DIR; };
		2C5AADB2233B82FE00466DEF /* IUE_Worksheet2UITests.swift */ = {isa = PBXFileReference; lastKnownFileType = sourcecode.swift; path = IUE_Worksheet2UITests.swift; sourceTree = "<group>"; };
		2C5AADB4233B82FE00466DEF /* Info.plist */ = {isa = PBXFileReference; lastKnownFileType = text.plist.xml; path = Info.plist; sourceTree = "<group>"; };
/* End PBXFileReference section */

/* Begin PBXFrameworksBuildPhase section */
		2C5AAD8A233B82FB00466DEF /* Frameworks */ = {
			isa = PBXFrameworksBuildPhase;
			buildActionMask = 2147483647;
			files = (
			);
			runOnlyForDeploymentPostprocessing = 0;
		};
		2C5AADA0233B82FE00466DEF /* Frameworks */ = {
			isa = PBXFrameworksBuildPhase;
			buildActionMask = 2147483647;
			files = (
			);
			runOnlyForDeploymentPostprocessing = 0;
		};
		2C5AADAB233B82FE00466DEF /* Frameworks */ = {
			isa = PBXFrameworksBuildPhase;
			buildActionMask = 2147483647;
			files = (
			);
			runOnlyForDeploymentPostprocessing = 0;
		};
/* End PBXFrameworksBuildPhase section */

/* Begin PBXGroup section */
		2C5AAD84233B82FB00466DEF = {
			isa = PBXGroup;
			children = (
				2C5AAD8F233B82FB00466DEF /* IUE-Worksheet2 */,
				2C5AADA6233B82FE00466DEF /* IUE-Worksheet2Tests */,
				2C5AADB1233B82FE00466DEF /* IUE-Worksheet2UITests */,
				2C5AAD8E233B82FB00466DEF /* Products */,
			);
			sourceTree = "<group>";
		};
		2C5AAD8E233B82FB00466DEF /* Products */ = {
			isa = PBXGroup;
			children = (
				2C5AAD8D233B82FB00466DEF /* IUE-Worksheet2.app */,
				2C5AADA3233B82FE00466DEF /* IUE-Worksheet2Tests.xctest */,
				2C5AADAE233B82FE00466DEF /* IUE-Worksheet2UITests.xctest */,
			);
			name = Products;
			sourceTree = "<group>";
		};
		2C5AAD8F233B82FB00466DEF /* IUE-Worksheet2 */ = {
			isa = PBXGroup;
			children = (
				2C5AAD90233B82FB00466DEF /* AppDelegate.swift */,
				2C5AAD92233B82FB00466DEF /* SceneDelegate.swift */,
				2C5AAD94233B82FB00466DEF /* ContentView.swift */,
				2C5AAD96233B82FD00466DEF /* Assets.xcassets */,
				2C5AAD9B233B82FD00466DEF /* LaunchScreen.storyboard */,
				2C5AAD9E233B82FD00466DEF /* Info.plist */,
				2C5AAD98233B82FD00466DEF /* Preview Content */,
			);
			path = "IUE-Worksheet2";
			sourceTree = "<group>";
		};
		2C5AAD98233B82FD00466DEF /* Preview Content */ = {
			isa = PBXGroup;
			children = (
				2C5AAD99233B82FD00466DEF /* Preview Assets.xcassets */,
			);
			path = "Preview Content";
			sourceTree = "<group>";
		};
		2C5AADA6233B82FE00466DEF /* IUE-Worksheet2Tests */ = {
			isa = PBXGroup;
			children = (
				2C5AADA7233B82FE00466DEF /* IUE_Worksheet2Tests.swift */,
				2C5AADA9233B82FE00466DEF /* Info.plist */,
			);
			path = "IUE-Worksheet2Tests";
			sourceTree = "<group>";
		};
		2C5AADB1233B82FE00466DEF /* IUE-Worksheet2UITests */ = {
			isa = PBXGroup;
			children = (
				2C5AADB2233B82FE00466DEF /* IUE_Worksheet2UITests.swift */,
				2C5AADB4233B82FE00466DEF /* Info.plist */,
			);
			path = "IUE-Worksheet2UITests";
			sourceTree = "<group>";
		};
/* End PBXGroup section */

/* Begin PBXNativeTarget section */
		2C5AAD8C233B82FB00466DEF /* IUE-Worksheet2 */ = {
			isa = PBXNativeTarget;
			buildConfigurationList = 2C5AADB7233B82FE00466DEF /* Build configuration list for PBXNativeTarget "IUE-Worksheet2" */;
			buildPhases = (
				2C5AAD89233B82FB00466DEF /* Sources */,
				2C5AAD8A233B82FB00466DEF /* Frameworks */,
				2C5AAD8B233B82FB00466DEF /* Resources */,
			);
			buildRules = (
			);
			dependencies = (
			);
			name = "IUE-Worksheet2";
			productName = "IUE-Worksheet2";
			productReference = 2C5AAD8D233B82FB00466DEF /* IUE-Worksheet2.app */;
			productType = "com.apple.product-type.application";
		};
		2C5AADA2233B82FE00466DEF /* IUE-Worksheet2Tests */ = {
			isa = PBXNativeTarget;
			buildConfigurationList = 2C5AADBA233B82FE00466DEF /* Build configuration list for PBXNativeTarget "IUE-Worksheet2Tests" */;
			buildPhases = (
				2C5AAD9F233B82FE00466DEF /* Sources */,
				2C5AADA0233B82FE00466DEF /* Frameworks */,
				2C5AADA1233B82FE00466DEF /* Resources */,
			);
			buildRules = (
			);
			dependencies = (
				2C5AADA5233B82FE00466DEF /* PBXTargetDependency */,
			);
			name = "IUE-Worksheet2Tests";
			productName = "IUE-Worksheet2Tests";
			productReference = 2C5AADA3233B82FE00466DEF /* IUE-Worksheet2Tests.xctest */;
			productType = "com.apple.product-type.bundle.unit-test";
		};
		2C5AADAD233B82FE00466DEF /* IUE-Worksheet2UITests */ = {
			isa = PBXNativeTarget;
			buildConfigurationList = 2C5AADBD233B82FE00466DEF /* Build configuration list for PBXNativeTarget "IUE-Worksheet2UITests" */;
			buildPhases = (
				2C5AADAA233B82FE00466DEF /* Sources */,
				2C5AADAB233B82FE00466DEF /* Frameworks */,
				2C5AADAC233B82FE00466DEF /* Resources */,
			);
			buildRules = (
			);
			dependencies = (
				2C5AADB0233B82FE00466DEF /* PBXTargetDependency */,
			);
			name = "IUE-Worksheet2UITests";
			productName = "IUE-Worksheet2UITests";
			productReference = 2C5AADAE233B82FE00466DEF /* IUE-Worksheet2UITests.xctest */;
			productType = "com.apple.product-type.bundle.ui-testing";
		};
/* End PBXNativeTarget section */

/* Begin PBXProject section */
		2C5AAD85233B82FB00466DEF /* Project object */ = {
			isa = PBXProject;
			attributes = {
				LastSwiftUpdateCheck = 1100;
				LastUpgradeCheck = 1100;
				ORGANIZATIONNAME = formando;
				TargetAttributes = {
					2C5AAD8C233B82FB00466DEF = {
						CreatedOnToolsVersion = 11.0;
					};
					2C5AADA2233B82FE00466DEF = {
						CreatedOnToolsVersion = 11.0;
						TestTargetID = 2C5AAD8C233B82FB00466DEF;
					};
					2C5AADAD233B82FE00466DEF = {
						CreatedOnToolsVersion = 11.0;
						TestTargetID = 2C5AAD8C233B82FB00466DEF;
					};
				};
			};
			buildConfigurationList = 2C5AAD88233B82FB00466DEF /* Build configuration list for PBXProject "IUE-Worksheet2" */;
			compatibilityVersion = "Xcode 9.3";
			developmentRegion = en;
			hasScannedForEncodings = 0;
			knownRegions = (
				en,
				Base,
			);
			mainGroup = 2C5AAD84233B82FB00466DEF;
			productRefGroup = 2C5AAD8E233B82FB00466DEF /* Products */;
			projectDirPath = "";
			projectRoot = "";
			targets = (
				2C5AAD8C233B82FB00466DEF /* IUE-Worksheet2 */,
				2C5AADA2233B82FE00466DEF /* IUE-Worksheet2Tests */,
				2C5AADAD233B82FE00466DEF /* IUE-Worksheet2UITests */,
			);
		};
/* End PBXProject section */

/* Begin PBXResourcesBuildPhase section */
		2C5AAD8B233B82FB00466DEF /* Resources */ = {
			isa = PBXResourcesBuildPhase;
			buildActionMask = 2147483647;
			files = (
				2C5AAD9D233B82FD00466DEF /* LaunchScreen.storyboard in Resources */,
				2C5AAD9A233B82FD00466DEF /* Preview Assets.xcassets in Resources */,
				2C5AAD97233B82FD00466DEF /* Assets.xcassets in Resources */,
			);
			runOnlyForDeploymentPostprocessing = 0;
		};
		2C5AADA1233B82FE00466DEF /* Resources */ = {
			isa = PBXResourcesBuildPhase;
			buildActionMask = 2147483647;
			files = (
			);
			runOnlyForDeploymentPostprocessing = 0;
		};
		2C5AADAC233B82FE00466DEF /* Resources */ = {
			isa = PBXResourcesBuildPhase;
			buildActionMask = 2147483647;
			files = (
			);
			runOnlyForDeploymentPostprocessing = 0;
		};
/* End PBXResourcesBuildPhase section */

/* Begin PBXSourcesBuildPhase section */
		2C5AAD89233B82FB00466DEF /* Sources */ = {
			isa = PBXSourcesBuildPhase;
			buildActionMask = 2147483647;
			files = (
				2C5AAD91233B82FB00466DEF /* AppDelegate.swift in Sources */,
				2C5AAD93233B82FB00466DEF /* SceneDelegate.swift in Sources */,
				2C5AAD95233B82FB00466DEF /* ContentView.swift in Sources */,
			);
			runOnlyForDeploymentPostprocessing = 0;
		};
		2C5AAD9F233B82FE00466DEF /* Sources */ = {
			isa = PBXSourcesBuildPhase;
			buildActionMask = 2147483647;
			files = (
				2C5AADA8233B82FE00466DEF /* IUE_Worksheet2Tests.swift in Sources */,
			);
			runOnlyForDeploymentPostprocessing = 0;
		};
		2C5AADAA233B82FE00466DEF /* Sources */ = {
			isa = PBXSourcesBuildPhase;
			buildActionMask = 2147483647;
			files = (
				2C5AADB3233B82FE00466DEF /* IUE_Worksheet2UITests.swift in Sources */,
			);
			runOnlyForDeploymentPostprocessing = 0;
		};
/* End PBXSourcesBuildPhase section */

/* Begin PBXTargetDependency section */
		2C5AADA5233B82FE00466DEF /* PBXTargetDependency */ = {
			isa = PBXTargetDependency;
			target = 2C5AAD8C233B82FB00466DEF /* IUE-Worksheet2 */;
			targetProxy = 2C5AADA4233B82FE00466DEF /* PBXContainerItemProxy */;
		};
		2C5AADB0233B82FE00466DEF /* PBXTargetDependency */ = {
			isa = PBXTargetDependency;
			target = 2C5AAD8C233B82FB00466DEF /* IUE-Worksheet2 */;
			targetProxy = 2C5AADAF233B82FE00466DEF /* PBXContainerItemProxy */;
		};
/* End PBXTargetDependency section */

/* Begin PBXVariantGroup section */
		2C5AAD9B233B82FD00466DEF /* LaunchScreen.storyboard */ = {
			isa = PBXVariantGroup;
			children = (
				2C5AAD9C233B82FD00466DEF /* Base */,
			);
			name = LaunchScreen.storyboard;
			sourceTree = "<group>";
		};
/* End PBXVariantGroup section */

/* Begin XCBuildConfiguration section */
		2C5AADB5233B82FE00466DEF /* Debug */ = {
			isa = XCBuildConfiguration;
			buildSettings = {
				ALWAYS_SEARCH_USER_PATHS = NO;
				CLANG_ANALYZER_NONNULL = YES;
				CLANG_ANALYZER_NUMBER_OBJECT_CONVERSION = YES_AGGRESSIVE;
				CLANG_CXX_LANGUAGE_STANDARD = "gnu++14";
				CLANG_CXX_LIBRARY = "libc++";
				CLANG_ENABLE_MODULES = YES;
				CLANG_ENABLE_OBJC_ARC = YES;
				CLANG_ENABLE_OBJC_WEAK = YES;
				CLANG_WARN_BLOCK_CAPTURE_AUTORELEASING = YES;
				CLANG_WARN_BOOL_CONVERSION = YES;
				CLANG_WARN_COMMA = YES;
				CLANG_WARN_CONSTANT_CONVERSION = YES;
				CLANG_WARN_DEPRECATED_OBJC_IMPLEMENTATIONS = YES;
				CLANG_WARN_DIRECT_OBJC_ISA_USAGE = YES_ERROR;
				CLANG_WARN_DOCUMENTATION_COMMENTS = YES;
				CLANG_WARN_EMPTY_BODY = YES;
				CLANG_WARN_ENUM_CONVERSION = YES;
				CLANG_WARN_INFINITE_RECURSION = YES;
				CLANG_WARN_INT_CONVERSION = YES;
				CLANG_WARN_NON_LITERAL_NULL_CONVERSION = YES;
				CLANG_WARN_OBJC_IMPLICIT_RETAIN_SELF = YES;
				CLANG_WARN_OBJC_LITERAL_CONVERSION = YES;
				CLANG_WARN_OBJC_ROOT_CLASS = YES_ERROR;
				CLANG_WARN_RANGE_LOOP_ANALYSIS = YES;
				CLANG_WARN_STRICT_PROTOTYPES = YES;
				CLANG_WARN_SUSPICIOUS_MOVE = YES;
				CLANG_WARN_UNGUARDED_AVAILABILITY = YES_AGGRESSIVE;
				CLANG_WARN_UNREACHABLE_CODE = YES;
				CLANG_WARN__DUPLICATE_METHOD_MATCH = YES;
				COPY_PHASE_STRIP = NO;
				DEBUG_INFORMATION_FORMAT = dwarf;
				ENABLE_STRICT_OBJC_MSGSEND = YES;
				ENABLE_TESTABILITY = YES;
				GCC_C_LANGUAGE_STANDARD = gnu11;
				GCC_DYNAMIC_NO_PIC = NO;
				GCC_NO_COMMON_BLOCKS = YES;
				GCC_OPTIMIZATION_LEVEL = 0;
				GCC_PREPROCESSOR_DEFINITIONS = (
					"DEBUG=1",
					"$(inherited)",
				);
				GCC_WARN_64_TO_32_BIT_CONVERSION = YES;
				GCC_WARN_ABOUT_RETURN_TYPE = YES_ERROR;
				GCC_WARN_UNDECLARED_SELECTOR = YES;
				GCC_WARN_UNINITIALIZED_AUTOS = YES_AGGRESSIVE;
				GCC_WARN_UNUSED_FUNCTION = YES;
				GCC_WARN_UNUSED_VARIABLE = YES;
				IPHONEOS_DEPLOYMENT_TARGET = 13.0;
				MTL_ENABLE_DEBUG_INFO = INCLUDE_SOURCE;
				MTL_FAST_MATH = YES;
				ONLY_ACTIVE_ARCH = YES;
				SDKROOT = iphoneos;
				SWIFT_ACTIVE_COMPILATION_CONDITIONS = DEBUG;
				SWIFT_OPTIMIZATION_LEVEL = "-Onone";
			};
			name = Debug;
		};
		2C5AADB6233B82FE00466DEF /* Release */ = {
			isa = XCBuildConfiguration;
			buildSettings = {
				ALWAYS_SEARCH_USER_PATHS = NO;
				CLANG_ANALYZER_NONNULL = YES;
				CLANG_ANALYZER_NUMBER_OBJECT_CONVERSION = YES_AGGRESSIVE;
				CLANG_CXX_LANGUAGE_STANDARD = "gnu++14";
				CLANG_CXX_LIBRARY = "libc++";
				CLANG_ENABLE_MODULES = YES;
				CLANG_ENABLE_OBJC_ARC = YES;
				CLANG_ENABLE_OBJC_WEAK = YES;
				CLANG_WARN_BLOCK_CAPTURE_AUTORELEASING = YES;
				CLANG_WARN_BOOL_CONVERSION = YES;
				CLANG_WARN_COMMA = YES;
				CLANG_WARN_CONSTANT_CONVERSION = YES;
				CLANG_WARN_DEPRECATED_OBJC_IMPLEMENTATIONS = YES;
				CLANG_WARN_DIRECT_OBJC_ISA_USAGE = YES_ERROR;
				CLANG_WARN_DOCUMENTATION_COMMENTS = YES;
				CLANG_WARN_EMPTY_BODY = YES;
				CLANG_WARN_ENUM_CONVERSION = YES;
				CLANG_WARN_INFINITE_RECURSION = YES;
				CLANG_WARN_INT_CONVERSION = YES;
				CLANG_WARN_NON_LITERAL_NULL_CONVERSION = YES;
				CLANG_WARN_OBJC_IMPLICIT_RETAIN_SELF = YES;
				CLANG_WARN_OBJC_LITERAL_CONVERSION = YES;
				CLANG_WARN_OBJC_ROOT_CLASS = YES_ERROR;
				CLANG_WARN_RANGE_LOOP_ANALYSIS = YES;
				CLANG_WARN_STRICT_PROTOTYPES = YES;
				CLANG_WARN_SUSPICIOUS_MOVE = YES;
				CLANG_WARN_UNGUARDED_AVAILABILITY = YES_AGGRESSIVE;
				CLANG_WARN_UNREACHABLE_CODE = YES;
				CLANG_WARN__DUPLICATE_METHOD_MATCH = YES;
				COPY_PHASE_STRIP = NO;
				DEBUG_INFORMATION_FORMAT = "dwarf-with-dsym";
				ENABLE_NS_ASSERTIONS = NO;
				ENABLE_STRICT_OBJC_MSGSEND = YES;
				GCC_C_LANGUAGE_STANDARD = gnu11;
				GCC_NO_COMMON_BLOCKS = YES;
				GCC_WARN_64_TO_32_BIT_CONVERSION = YES;
				GCC_WARN_ABOUT_RETURN_TYPE = YES_ERROR;
				GCC_WARN_UNDECLARED_SELECTOR = YES;
				GCC_WARN_UNINITIALIZED_AUTOS = YES_AGGRESSIVE;
				GCC_WARN_UNUSED_FUNCTION = YES;
				GCC_WARN_UNUSED_VARIABLE = YES;
				IPHONEOS_DEPLOYMENT_TARGET = 13.0;
				MTL_ENABLE_DEBUG_INFO = NO;
				MTL_FAST_MATH = YES;
				SDKROOT = iphoneos;
				SWIFT_COMPILATION_MODE = wholemodule;
				SWIFT_OPTIMIZATION_LEVEL = "-O";
				VALIDATE_PRODUCT = YES;
			};
			name = Release;
		};
		2C5AADB8233B82FE00466DEF /* Debug */ = {
			isa = XCBuildConfiguration;
			buildSettings = {
				ASSETCATALOG_COMPILER_APPICON_NAME = AppIcon;
				CODE_SIGN_STYLE = Automatic;
				DEVELOPMENT_ASSET_PATHS = "\"IUE-Worksheet2/Preview Content\"";
				ENABLE_PREVIEWS = YES;
				INFOPLIST_FILE = "IUE-Worksheet2/Info.plist";
				LD_RUNPATH_SEARCH_PATHS = (
					"$(inherited)",
					"@executable_path/Frameworks",
				);
				PRODUCT_BUNDLE_IDENTIFIER = "IPL.IUE-Worksheet2";
				PRODUCT_NAME = "$(TARGET_NAME)";
				SWIFT_VERSION = 5.0;
				TARGETED_DEVICE_FAMILY = "1,2";
			};
			name = Debug;
		};
		2C5AADB9233B82FE00466DEF /* Release */ = {
			isa = XCBuildConfiguration;
			buildSettings = {
				ASSETCATALOG_COMPILER_APPICON_NAME = AppIcon;
				CODE_SIGN_STYLE = Automatic;
				DEVELOPMENT_ASSET_PATHS = "\"IUE-Worksheet2/Preview Content\"";
				ENABLE_PREVIEWS = YES;
				INFOPLIST_FILE = "IUE-Worksheet2/Info.plist";
				LD_RUNPATH_SEARCH_PATHS = (
					"$(inherited)",
					"@executable_path/Frameworks",
				);
				PRODUCT_BUNDLE_IDENTIFIER = "IPL.IUE-Worksheet2";
				PRODUCT_NAME = "$(TARGET_NAME)";
				SWIFT_VERSION = 5.0;
				TARGETED_DEVICE_FAMILY = "1,2";
			};
			name = Release;
		};
		2C5AADBB233B82FE00466DEF /* Debug */ = {
			isa = XCBuildConfiguration;
			buildSettings = {
				ALWAYS_EMBED_SWIFT_STANDARD_LIBRARIES = YES;
				BUNDLE_LOADER = "$(TEST_HOST)";
				CODE_SIGN_STYLE = Automatic;
				INFOPLIST_FILE = "IUE-Worksheet2Tests/Info.plist";
				IPHONEOS_DEPLOYMENT_TARGET = 13.0;
				LD_RUNPATH_SEARCH_PATHS = (
					"$(inherited)",
					"@executable_path/Frameworks",
					"@loader_path/Frameworks",
				);
				PRODUCT_BUNDLE_IDENTIFIER = "IPL.IUE-Worksheet2Tests";
				PRODUCT_NAME = "$(TARGET_NAME)";
				SWIFT_VERSION = 5.0;
				TARGETED_DEVICE_FAMILY = "1,2";
				TEST_HOST = "$(BUILT_PRODUCTS_DIR)/IUE-Worksheet2.app/IUE-Worksheet2";
			};
			name = Debug;
		};
		2C5AADBC233B82FE00466DEF /* Release */ = {
			isa = XCBuildConfiguration;
			buildSettings = {
				ALWAYS_EMBED_SWIFT_STANDARD_LIBRARIES = YES;
				BUNDLE_LOADER = "$(TEST_HOST)";
				CODE_SIGN_STYLE = Automatic;
				INFOPLIST_FILE = "IUE-Worksheet2Tests/Info.plist";
				IPHONEOS_DEPLOYMENT_TARGET = 13.0;
				LD_RUNPATH_SEARCH_PATHS = (
					"$(inherited)",
					"@executable_path/Frameworks",
					"@loader_path/Frameworks",
				);
				PRODUCT_BUNDLE_IDENTIFIER = "IPL.IUE-Worksheet2Tests";
				PRODUCT_NAME = "$(TARGET_NAME)";
				SWIFT_VERSION = 5.0;
				TARGETED_DEVICE_FAMILY = "1,2";
				TEST_HOST = "$(BUILT_PRODUCTS_DIR)/IUE-Worksheet2.app/IUE-Worksheet2";
			};
			name = Release;
		};
		2C5AADBE233B82FE00466DEF /* Debug */ = {
			isa = XCBuildConfiguration;
			buildSettings = {
				ALWAYS_EMBED_SWIFT_STANDARD_LIBRARIES = YES;
				CODE_SIGN_STYLE = Automatic;
				INFOPLIST_FILE = "IUE-Worksheet2UITests/Info.plist";
				LD_RUNPATH_SEARCH_PATHS = (
					"$(inherited)",
					"@executable_path/Frameworks",
					"@loader_path/Frameworks",
				);
				PRODUCT_BUNDLE_IDENTIFIER = "IPL.IUE-Worksheet2UITests";
				PRODUCT_NAME = "$(TARGET_NAME)";
				SWIFT_VERSION = 5.0;
				TARGETED_DEVICE_FAMILY = "1,2";
				TEST_TARGET_NAME = "IUE-Worksheet2";
			};
			name = Debug;
		};
		2C5AADBF233B82FE00466DEF /* Release */ = {
			isa = XCBuildConfiguration;
			buildSettings = {
				ALWAYS_EMBED_SWIFT_STANDARD_LIBRARIES = YES;
				CODE_SIGN_STYLE = Automatic;
				INFOPLIST_FILE = "IUE-Worksheet2UITests/Info.plist";
				LD_RUNPATH_SEARCH_PATHS = (
					"$(inherited)",
					"@executable_path/Frameworks",
					"@loader_path/Frameworks",
				);
				PRODUCT_BUNDLE_IDENTIFIER = "IPL.IUE-Worksheet2UITests";
				PRODUCT_NAME = "$(TARGET_NAME)";
				SWIFT_VERSION = 5.0;
				TARGETED_DEVICE_FAMILY = "1,2";
				TEST_TARGET_NAME = "IUE-Worksheet2";
			};
			name = Release;
		};
/* End XCBuildConfiguration section */

/* Begin XCConfigurationList section */
		2C5AAD88233B82FB00466DEF /* Build configuration list for PBXProject "IUE-Worksheet2" */ = {
			isa = XCConfigurationList;
			buildConfigurations = (
				2C5AADB5233B82FE00466DEF /* Debug */,
				2C5AADB6233B82FE00466DEF /* Release */,
			);
			defaultConfigurationIsVisible = 0;
			defaultConfigurationName = Release;
		};
		2C5AADB7233B82FE00466DEF /* Build configuration list for PBXNativeTarget "IUE-Worksheet2" */ = {
			isa = XCConfigurationList;
			buildConfigurations = (
				2C5AADB8233B82FE00466DEF /* Debug */,
				2C5AADB9233B82FE00466DEF /* Release */,
			);
			defaultConfigurationIsVisible = 0;
			defaultConfigurationName = Release;
		};
		2C5AADBA233B82FE00466DEF /* Build configuration list for PBXNativeTarget "IUE-Worksheet2Tests" */ = {
			isa = XCConfigurationList;
			buildConfigurations = (
				2C5AADBB233B82FE00466DEF /* Debug */,
				2C5AADBC233B82FE00466DEF /* Release */,
			);
			defaultConfigurationIsVisible = 0;
			defaultConfigurationName = Release;
		};
		2C5AADBD233B82FE00466DEF /* Build configuration list for PBXNativeTarget "IUE-Worksheet2UITests" */ = {
			isa = XCConfigurationList;
			buildConfigurations = (
				2C5AADBE233B82FE00466DEF /* Debug */,
				2C5AADBF233B82FE00466DEF /* Release */,
			);
			defaultConfigurationIsVisible = 0;
			defaultConfigurationName = Release;
		};
/* End XCConfigurationList section */
	};
	rootObject = 2C5AAD85233B82FB00466DEF /* Project object */;
}
